
Microsoft Visual Studio Solution File, Format Version 12.00
# Visual Studio Version 17
VisualStudioVersion = 17.9.34622.214
MinimumVisualStudioVersion = 10.0.40219.1
Project("{FAE04EC0-301F-11D3-BF4B-00C04F79EFBC}") = "TheIsleEvrimaRcon", "TheIsleEvrimaRcon\TheIsleEvrimaRcon.csproj", "{46D79DA4-41E1-4AB1-84E2-E80A6CA663A5}"
EndProject
Global
	GlobalSection(SolutionConfigurationPlatforms) = preSolution
		Debug|Any CPU = Debug|Any CPU
		Debug|x64 = Debug|x64
		Debug|x86 = Debug|x86
		Release|Any CPU = Release|Any CPU
		Release|x64 = Release|x64
		Release|x86 = Release|x86
	EndGlobalSection
	GlobalSection(ProjectConfigurationPlatforms) = postSolution
		{46D79DA4-41E1-4AB1-84E2-E80A6CA663A5}.Debug|Any CPU.ActiveCfg = Debug|Any CPU
		{46D79DA4-41E1-4AB1-84E2-E80A6CA663A5}.Debug|Any CPU.Build.0 = Debug|Any CPU
		{46D79DA4-41E1-4AB1-84E2-E80A6CA663A5}.Debug|x64.ActiveCfg = Debug|Any CPU
		{46D79DA4-41E1-4AB1-84E2-E80A6CA663A5}.Debug|x64.Build.0 = Debug|Any CPU
		{46D79DA4-41E1-4AB1-84E2-E80A6CA663A5}.Debug|x86.ActiveCfg = Debug|Any CPU
		{46D79DA4-41E1-4AB1-84E2-E80A6CA663A5}.Debug|x86.Build.0 = Debug|Any CPU
		{46D79DA4-41E1-4AB1-84E2-E80A6CA663A5}.Release|Any CPU.ActiveCfg = Release|Any CPU
		{46D79DA4-41E1-4AB1-84E2-E80A6CA663A5}.Release|Any CPU.Build.0 = Release|Any CPU
		{46D79DA4-41E1-4AB1-84E2-E80A6CA663A5}.Release|x64.ActiveCfg = Release|Any CPU
		{46D79DA4-41E1-4AB1-84E2-E80A6CA663A5}.Release|x64.Build.0 = Release|Any CPU
		{46D79DA4-41E1-4AB1-84E2-E80A6CA663A5}.Release|x86.ActiveCfg = Release|Any CPU
		{46D79DA4-41E1-4AB1-84E2-E80A6CA663A5}.Release|x86.Build.0 = Release|Any CPU
	EndGlobalSection
	GlobalSection(SolutionProperties) = preSolution
		HideSolutionNode = FALSE
	EndGlobalSection
	GlobalSection(ExtensibilityGlobals) = postSolution
		SolutionGuid = {6898C86B-CF43-4D58-9CEB-FED3F926E9E7}
	EndGlobalSection
EndGlobal
